
Microsoft Visual Studio Solution File, Format Version 12.00
# Visual Studio Version 16
VisualStudioVersion = 16.0.28803.452
MinimumVisualStudioVersion = 10.0.40219.1
Project("{FAE04EC0-301F-11D3-BF4B-00C04F79EFBC}") = "NativeCodeSharp", "NativeCodeSharp\NativeCodeSharp.csproj", "{21557920-BE91-42A5-866C-04570DFF5AB8}"
EndProject
Project("{FAE04EC0-301F-11D3-BF4B-00C04F79EFBC}") = "NativeCodeSharpTest", "NativeCodeSharpTest\NativeCodeSharpTest.csproj", "{64D50B92-E858-44FC-AD36-4E8552316B6B}"
EndProject
Global
	GlobalSection(SolutionConfigurationPlatforms) = preSolution
		Debug|Any CPU = Debug|Any CPU
		Release|Any CPU = Release|Any CPU
	EndGlobalSection
	GlobalSection(ProjectConfigurationPlatforms) = postSolution
		{21557920-BE91-42A5-866C-04570DFF5AB8}.Debug|Any CPU.ActiveCfg = Debug|Any CPU
		{21557920-BE91-42A5-866C-04570DFF5AB8}.Debug|Any CPU.Build.0 = Debug|Any CPU
		{21557920-BE91-42A5-866C-04570DFF5AB8}.Release|Any CPU.ActiveCfg = Release|Any CPU
		{21557920-BE91-42A5-866C-04570DFF5AB8}.Release|Any CPU.Build.0 = Release|Any CPU
		{64D50B92-E858-44FC-AD36-4E8552316B6B}.Debug|Any CPU.ActiveCfg = Debug|Any CPU
		{64D50B92-E858-44FC-AD36-4E8552316B6B}.Debug|Any CPU.Build.0 = Debug|Any CPU
		{64D50B92-E858-44FC-AD36-4E8552316B6B}.Release|Any CPU.ActiveCfg = Release|Any CPU
		{64D50B92-E858-44FC-AD36-4E8552316B6B}.Release|Any CPU.Build.0 = Release|Any CPU
	EndGlobalSection
	GlobalSection(SolutionProperties) = preSolution
		HideSolutionNode = FALSE
	EndGlobalSection
	GlobalSection(ExtensibilityGlobals) = postSolution
		SolutionGuid = {B2789F82-E8ED-49C3-9BC4-FA45A937D308}
	EndGlobalSection
EndGlobal
